
Microsoft Visual Studio Solution File, Format Version 12.00
# Visual Studio Version 17
VisualStudioVersion = 17.11.35219.272
MinimumVisualStudioVersion = 10.0.40219.1
Project("{FAE04EC0-301F-11D3-BF4B-00C04F79EFBC}") = "CosmicExplorer.API", "CosmicExplorer.API\CosmicExplorer.API.csproj", "{2AC7FCFD-3094-4525-8906-EFA2CA6377B2}"
EndProject
Project("{FAE04EC0-301F-11D3-BF4B-00C04F79EFBC}") = "CosmicExplorer.UI", "CosmicExplorer.UI\CosmicExplorer.UI.csproj", "{F3B2D315-5D6E-415E-B33F-4B6DF67E7AAF}"
EndProject
Global
	GlobalSection(SolutionConfigurationPlatforms) = preSolution
		Debug|Any CPU = Debug|Any CPU
		Release|Any CPU = Release|Any CPU
	EndGlobalSection
	GlobalSection(ProjectConfigurationPlatforms) = postSolution
		{2AC7FCFD-3094-4525-8906-EFA2CA6377B2}.Debug|Any CPU.ActiveCfg = Debug|Any CPU
		{2AC7FCFD-3094-4525-8906-EFA2CA6377B2}.Debug|Any CPU.Build.0 = Debug|Any CPU
		{2AC7FCFD-3094-4525-8906-EFA2CA6377B2}.Release|Any CPU.ActiveCfg = Release|Any CPU
		{2AC7FCFD-3094-4525-8906-EFA2CA6377B2}.Release|Any CPU.Build.0 = Release|Any CPU
		{F3B2D315-5D6E-415E-B33F-4B6DF67E7AAF}.Debug|Any CPU.ActiveCfg = Debug|Any CPU
		{F3B2D315-5D6E-415E-B33F-4B6DF67E7AAF}.Debug|Any CPU.Build.0 = Debug|Any CPU
		{F3B2D315-5D6E-415E-B33F-4B6DF67E7AAF}.Release|Any CPU.ActiveCfg = Release|Any CPU
		{F3B2D315-5D6E-415E-B33F-4B6DF67E7AAF}.Release|Any CPU.Build.0 = Release|Any CPU
	EndGlobalSection
	GlobalSection(SolutionProperties) = preSolution
		HideSolutionNode = FALSE
	EndGlobalSection
	GlobalSection(ExtensibilityGlobals) = postSolution
		SolutionGuid = {3A7A26D2-B687-440D-831C-7D1F89D7B833}
	EndGlobalSection
EndGlobal
